
Microsoft Visual Studio Solution File, Format Version 12.00
# Visual Studio Version 16
VisualStudioVersion = 16.0.30413.136
MinimumVisualStudioVersion = 10.0.40219.1
Project("{9A19103F-16F7-4668-BE54-9A1E7A4F7556}") = "ChallengeOneProgram", "GoldBadgeChallenge1Cafe\ChallengeOneProgram.csproj", "{95E0BA57-F256-461F-B97B-0DE15C11980F}"
EndProject
Project("{FAE04EC0-301F-11D3-BF4B-00C04F79EFBC}") = "ChallengeOneTests", "ChallengeOneTests\ChallengeOneTests.csproj", "{07B02D1E-041F-4FEB-830E-BA0E80A2A376}"
EndProject
Project("{FAE04EC0-301F-11D3-BF4B-00C04F79EFBC}") = "ChallengeOneMenuRepository", "ChallengeOneMenuRepository\ChallengeOneMenuRepository.csproj", "{3EF95500-BAD5-4A1E-AB00-F84063637B1D}"
EndProject
Project("{2150E333-8FDC-42A3-9474-1A3956D46DE8}") = "Cafe", "Cafe", "{51FDBBC2-38C1-44C9-9B5C-EA7E1EA30E75}"
EndProject
Project("{2150E333-8FDC-42A3-9474-1A3956D46DE8}") = "Claims", "Claims", "{BFD5018A-BA21-4091-B848-5F95F1DEBB14}"
EndProject
Project("{FAE04EC0-301F-11D3-BF4B-00C04F79EFBC}") = "ChallengeTwoProgram", "ChallengeTwoProgram\ChallengeTwoProgram.csproj", "{14BE8F6B-20BE-4C36-B783-050E4C7DF357}"
EndProject
Project("{FAE04EC0-301F-11D3-BF4B-00C04F79EFBC}") = "ChallengeTwoRepository", "ChallengeTwoRepository\ChallengeTwoRepository.csproj", "{14ABB32C-3BC4-4C7A-BFE1-05621F3A72C4}"
EndProject
Project("{FAE04EC0-301F-11D3-BF4B-00C04F79EFBC}") = "ChallengeTwoTests", "ChallengeTwoRepositoryTest\ChallengeTwoTests.csproj", "{93A70FCD-432B-4094-870C-2F6BA33F738E}"
EndProject
Project("{2150E333-8FDC-42A3-9474-1A3956D46DE8}") = "Badges", "Badges", "{4A7456F9-0C25-4445-875F-A99BFFECB77F}"
EndProject
Project("{FAE04EC0-301F-11D3-BF4B-00C04F79EFBC}") = "ChallengeThreeProgram", "ChallengeThreeProgram\ChallengeThreeProgram.csproj", "{1572F908-2102-4013-B268-C9B569A61E86}"
EndProject
Project("{FAE04EC0-301F-11D3-BF4B-00C04F79EFBC}") = "ChallengeThreeRepository", "ChallengeThreeRepository\ChallengeThreeRepository.csproj", "{A0C0C3B1-C541-4DA4-BDF2-AC479E54B877}"
EndProject
Global
	GlobalSection(SolutionConfigurationPlatforms) = preSolution
		Debug|Any CPU = Debug|Any CPU
		Release|Any CPU = Release|Any CPU
	EndGlobalSection
	GlobalSection(ProjectConfigurationPlatforms) = postSolution
		{95E0BA57-F256-461F-B97B-0DE15C11980F}.Debug|Any CPU.ActiveCfg = Debug|Any CPU
		{95E0BA57-F256-461F-B97B-0DE15C11980F}.Debug|Any CPU.Build.0 = Debug|Any CPU
		{95E0BA57-F256-461F-B97B-0DE15C11980F}.Release|Any CPU.ActiveCfg = Release|Any CPU
		{95E0BA57-F256-461F-B97B-0DE15C11980F}.Release|Any CPU.Build.0 = Release|Any CPU
		{07B02D1E-041F-4FEB-830E-BA0E80A2A376}.Debug|Any CPU.ActiveCfg = Debug|Any CPU
		{07B02D1E-041F-4FEB-830E-BA0E80A2A376}.Debug|Any CPU.Build.0 = Debug|Any CPU
		{07B02D1E-041F-4FEB-830E-BA0E80A2A376}.Release|Any CPU.ActiveCfg = Release|Any CPU
		{07B02D1E-041F-4FEB-830E-BA0E80A2A376}.Release|Any CPU.Build.0 = Release|Any CPU
		{3EF95500-BAD5-4A1E-AB00-F84063637B1D}.Debug|Any CPU.ActiveCfg = Debug|Any CPU
		{3EF95500-BAD5-4A1E-AB00-F84063637B1D}.Debug|Any CPU.Build.0 = Debug|Any CPU
		{3EF95500-BAD5-4A1E-AB00-F84063637B1D}.Release|Any CPU.ActiveCfg = Release|Any CPU
		{3EF95500-BAD5-4A1E-AB00-F84063637B1D}.Release|Any CPU.Build.0 = Release|Any CPU
		{14BE8F6B-20BE-4C36-B783-050E4C7DF357}.Debug|Any CPU.ActiveCfg = Debug|Any CPU
		{14BE8F6B-20BE-4C36-B783-050E4C7DF357}.Debug|Any CPU.Build.0 = Debug|Any CPU
		{14BE8F6B-20BE-4C36-B783-050E4C7DF357}.Release|Any CPU.ActiveCfg = Release|Any CPU
		{14BE8F6B-20BE-4C36-B783-050E4C7DF357}.Release|Any CPU.Build.0 = Release|Any CPU
		{14ABB32C-3BC4-4C7A-BFE1-05621F3A72C4}.Debug|Any CPU.ActiveCfg = Debug|Any CPU
		{14ABB32C-3BC4-4C7A-BFE1-05621F3A72C4}.Debug|Any CPU.Build.0 = Debug|Any CPU
		{14ABB32C-3BC4-4C7A-BFE1-05621F3A72C4}.Release|Any CPU.ActiveCfg = Release|Any CPU
		{14ABB32C-3BC4-4C7A-BFE1-05621F3A72C4}.Release|Any CPU.Build.0 = Release|Any CPU
		{93A70FCD-432B-4094-870C-2F6BA33F738E}.Debug|Any CPU.ActiveCfg = Debug|Any CPU
		{93A70FCD-432B-4094-870C-2F6BA33F738E}.Debug|Any CPU.Build.0 = Debug|Any CPU
		{93A70FCD-432B-4094-870C-2F6BA33F738E}.Release|Any CPU.ActiveCfg = Release|Any CPU
		{93A70FCD-432B-4094-870C-2F6BA33F738E}.Release|Any CPU.Build.0 = Release|Any CPU
		{1572F908-2102-4013-B268-C9B569A61E86}.Debug|Any CPU.ActiveCfg = Debug|Any CPU
		{1572F908-2102-4013-B268-C9B569A61E86}.Debug|Any CPU.Build.0 = Debug|Any CPU
		{1572F908-2102-4013-B268-C9B569A61E86}.Release|Any CPU.ActiveCfg = Release|Any CPU
		{1572F908-2102-4013-B268-C9B569A61E86}.Release|Any CPU.Build.0 = Release|Any CPU
		{A0C0C3B1-C541-4DA4-BDF2-AC479E54B877}.Debug|Any CPU.ActiveCfg = Debug|Any CPU
		{A0C0C3B1-C541-4DA4-BDF2-AC479E54B877}.Debug|Any CPU.Build.0 = Debug|Any CPU
		{A0C0C3B1-C541-4DA4-BDF2-AC479E54B877}.Release|Any CPU.ActiveCfg = Release|Any CPU
		{A0C0C3B1-C541-4DA4-BDF2-AC479E54B877}.Release|Any CPU.Build.0 = Release|Any CPU
	EndGlobalSection
	GlobalSection(SolutionProperties) = preSolution
		HideSolutionNode = FALSE
	EndGlobalSection
	GlobalSection(NestedProjects) = preSolution
		{95E0BA57-F256-461F-B97B-0DE15C11980F} = {51FDBBC2-38C1-44C9-9B5C-EA7E1EA30E75}
		{07B02D1E-041F-4FEB-830E-BA0E80A2A376} = {51FDBBC2-38C1-44C9-9B5C-EA7E1EA30E75}
		{3EF95500-BAD5-4A1E-AB00-F84063637B1D} = {51FDBBC2-38C1-44C9-9B5C-EA7E1EA30E75}
		{14BE8F6B-20BE-4C36-B783-050E4C7DF357} = {BFD5018A-BA21-4091-B848-5F95F1DEBB14}
		{14ABB32C-3BC4-4C7A-BFE1-05621F3A72C4} = {BFD5018A-BA21-4091-B848-5F95F1DEBB14}
		{93A70FCD-432B-4094-870C-2F6BA33F738E} = {BFD5018A-BA21-4091-B848-5F95F1DEBB14}
		{1572F908-2102-4013-B268-C9B569A61E86} = {4A7456F9-0C25-4445-875F-A99BFFECB77F}
		{A0C0C3B1-C541-4DA4-BDF2-AC479E54B877} = {4A7456F9-0C25-4445-875F-A99BFFECB77F}
	EndGlobalSection
	GlobalSection(ExtensibilityGlobals) = postSolution
		SolutionGuid = {D9988E16-B448-4F91-9030-6EEEAE58F7D6}
	EndGlobalSection
EndGlobal
